
Microsoft Visual Studio Solution File, Format Version 12.00
# Visual Studio Version 16
VisualStudioVersion = 16.0.28922.388
MinimumVisualStudioVersion = 10.0.40219.1
Project("{9A19103F-16F7-4668-BE54-9A1E7A4F7556}") = "Worktile.Repository", "Worktile.Repository\Worktile.Repository.csproj", "{BB1EF942-2AFB-49E0-BCFB-9EB4478C1834}"
EndProject
Project("{9A19103F-16F7-4668-BE54-9A1E7A4F7556}") = "Worktile.Migrations.Startup", "Worktile.Migrations.Startup\Worktile.Migrations.Startup.csproj", "{E761A039-8597-4C54-B0F1-DF0ACA716593}"
EndProject
Project("{FAE04EC0-301F-11D3-BF4B-00C04F79EFBC}") = "Worktile.Tethys", "..\uwp-tethys\Worktile.Tethys\Worktile.Tethys.csproj", "{603175B4-99DC-4390-99F3-0F868D0C30E2}"
EndProject
Project("{FAE04EC0-301F-11D3-BF4B-00C04F79EFBC}") = "Worktile", "Worktile\Worktile.csproj", "{8F0DFB19-F1D0-441D-96EE-67747A6809B0}"
EndProject
Project("{FAE04EC0-301F-11D3-BF4B-00C04F79EFBC}") = "Worktilea", "Worktilea\Worktilea.csproj", "{BF900415-A653-4E5E-8E76-21C66BBB83DC}"
EndProject
Project("{FAE04EC0-301F-11D3-BF4B-00C04F79EFBC}") = "Worktile.WebUI", "Worktile.WebUI\Worktile.WebUI.csproj", "{C33CE03B-1130-4B4D-9657-3F4B8107989A}"
EndProject
Global
	GlobalSection(SolutionConfigurationPlatforms) = preSolution
		Debug|Any CPU = Debug|Any CPU
		Debug|ARM = Debug|ARM
		Debug|ARM64 = Debug|ARM64
		Debug|x64 = Debug|x64
		Debug|x86 = Debug|x86
		Release|Any CPU = Release|Any CPU
		Release|ARM = Release|ARM
		Release|ARM64 = Release|ARM64
		Release|x64 = Release|x64
		Release|x86 = Release|x86
	EndGlobalSection
	GlobalSection(ProjectConfigurationPlatforms) = postSolution
		{BB1EF942-2AFB-49E0-BCFB-9EB4478C1834}.Debug|Any CPU.ActiveCfg = Debug|Any CPU
		{BB1EF942-2AFB-49E0-BCFB-9EB4478C1834}.Debug|Any CPU.Build.0 = Debug|Any CPU
		{BB1EF942-2AFB-49E0-BCFB-9EB4478C1834}.Debug|ARM.ActiveCfg = Debug|Any CPU
		{BB1EF942-2AFB-49E0-BCFB-9EB4478C1834}.Debug|ARM.Build.0 = Debug|Any CPU
		{BB1EF942-2AFB-49E0-BCFB-9EB4478C1834}.Debug|ARM64.ActiveCfg = Debug|Any CPU
		{BB1EF942-2AFB-49E0-BCFB-9EB4478C1834}.Debug|ARM64.Build.0 = Debug|Any CPU
		{BB1EF942-2AFB-49E0-BCFB-9EB4478C1834}.Debug|x64.ActiveCfg = Debug|Any CPU
		{BB1EF942-2AFB-49E0-BCFB-9EB4478C1834}.Debug|x64.Build.0 = Debug|Any CPU
		{BB1EF942-2AFB-49E0-BCFB-9EB4478C1834}.Debug|x86.ActiveCfg = Debug|Any CPU
		{BB1EF942-2AFB-49E0-BCFB-9EB4478C1834}.Debug|x86.Build.0 = Debug|Any CPU
		{BB1EF942-2AFB-49E0-BCFB-9EB4478C1834}.Release|Any CPU.ActiveCfg = Release|Any CPU
		{BB1EF942-2AFB-49E0-BCFB-9EB4478C1834}.Release|Any CPU.Build.0 = Release|Any CPU
		{BB1EF942-2AFB-49E0-BCFB-9EB4478C1834}.Release|ARM.ActiveCfg = Release|Any CPU
		{BB1EF942-2AFB-49E0-BCFB-9EB4478C1834}.Release|ARM.Build.0 = Release|Any CPU
		{BB1EF942-2AFB-49E0-BCFB-9EB4478C1834}.Release|ARM64.ActiveCfg = Release|Any CPU
		{BB1EF942-2AFB-49E0-BCFB-9EB4478C1834}.Release|ARM64.Build.0 = Release|Any CPU
		{BB1EF942-2AFB-49E0-BCFB-9EB4478C1834}.Release|x64.ActiveCfg = Release|Any CPU
		{BB1EF942-2AFB-49E0-BCFB-9EB4478C1834}.Release|x64.Build.0 = Release|Any CPU
		{BB1EF942-2AFB-49E0-BCFB-9EB4478C1834}.Release|x86.ActiveCfg = Release|Any CPU
		{BB1EF942-2AFB-49E0-BCFB-9EB4478C1834}.Release|x86.Build.0 = Release|Any CPU
		{E761A039-8597-4C54-B0F1-DF0ACA716593}.Debug|Any CPU.ActiveCfg = Debug|Any CPU
		{E761A039-8597-4C54-B0F1-DF0ACA716593}.Debug|Any CPU.Build.0 = Debug|Any CPU
		{E761A039-8597-4C54-B0F1-DF0ACA716593}.Debug|ARM.ActiveCfg = Debug|Any CPU
		{E761A039-8597-4C54-B0F1-DF0ACA716593}.Debug|ARM.Build.0 = Debug|Any CPU
		{E761A039-8597-4C54-B0F1-DF0ACA716593}.Debug|ARM64.ActiveCfg = Debug|Any CPU
		{E761A039-8597-4C54-B0F1-DF0ACA716593}.Debug|ARM64.Build.0 = Debug|Any CPU
		{E761A039-8597-4C54-B0F1-DF0ACA716593}.Debug|x64.ActiveCfg = Debug|Any CPU
		{E761A039-8597-4C54-B0F1-DF0ACA716593}.Debug|x64.Build.0 = Debug|Any CPU
		{E761A039-8597-4C54-B0F1-DF0ACA716593}.Debug|x86.ActiveCfg = Debug|Any CPU
		{E761A039-8597-4C54-B0F1-DF0ACA716593}.Debug|x86.Build.0 = Debug|Any CPU
		{E761A039-8597-4C54-B0F1-DF0ACA716593}.Release|Any CPU.ActiveCfg = Release|Any CPU
		{E761A039-8597-4C54-B0F1-DF0ACA716593}.Release|Any CPU.Build.0 = Release|Any CPU
		{E761A039-8597-4C54-B0F1-DF0ACA716593}.Release|ARM.ActiveCfg = Release|Any CPU
		{E761A039-8597-4C54-B0F1-DF0ACA716593}.Release|ARM.Build.0 = Release|Any CPU
		{E761A039-8597-4C54-B0F1-DF0ACA716593}.Release|ARM64.ActiveCfg = Release|Any CPU
		{E761A039-8597-4C54-B0F1-DF0ACA716593}.Release|ARM64.Build.0 = Release|Any CPU
		{E761A039-8597-4C54-B0F1-DF0ACA716593}.Release|x64.ActiveCfg = Release|Any CPU
		{E761A039-8597-4C54-B0F1-DF0ACA716593}.Release|x64.Build.0 = Release|Any CPU
		{E761A039-8597-4C54-B0F1-DF0ACA716593}.Release|x86.ActiveCfg = Release|Any CPU
		{E761A039-8597-4C54-B0F1-DF0ACA716593}.Release|x86.Build.0 = Release|Any CPU
		{603175B4-99DC-4390-99F3-0F868D0C30E2}.Debug|Any CPU.ActiveCfg = Debug|Any CPU
		{603175B4-99DC-4390-99F3-0F868D0C30E2}.Debug|Any CPU.Build.0 = Debug|Any CPU
		{603175B4-99DC-4390-99F3-0F868D0C30E2}.Debug|ARM.ActiveCfg = Debug|ARM
		{603175B4-99DC-4390-99F3-0F868D0C30E2}.Debug|ARM.Build.0 = Debug|ARM
		{603175B4-99DC-4390-99F3-0F868D0C30E2}.Debug|ARM64.ActiveCfg = Debug|ARM64
		{603175B4-99DC-4390-99F3-0F868D0C30E2}.Debug|ARM64.Build.0 = Debug|ARM64
		{603175B4-99DC-4390-99F3-0F868D0C30E2}.Debug|x64.ActiveCfg = Debug|x64
		{603175B4-99DC-4390-99F3-0F868D0C30E2}.Debug|x64.Build.0 = Debug|x64
		{603175B4-99DC-4390-99F3-0F868D0C30E2}.Debug|x86.ActiveCfg = Debug|x86
		{603175B4-99DC-4390-99F3-0F868D0C30E2}.Debug|x86.Build.0 = Debug|x86
		{603175B4-99DC-4390-99F3-0F868D0C30E2}.Release|Any CPU.ActiveCfg = Release|Any CPU
		{603175B4-99DC-4390-99F3-0F868D0C30E2}.Release|Any CPU.Build.0 = Release|Any CPU
		{603175B4-99DC-4390-99F3-0F868D0C30E2}.Release|ARM.ActiveCfg = Release|ARM
		{603175B4-99DC-4390-99F3-0F868D0C30E2}.Release|ARM.Build.0 = Release|ARM
		{603175B4-99DC-4390-99F3-0F868D0C30E2}.Release|ARM64.ActiveCfg = Release|ARM64
		{603175B4-99DC-4390-99F3-0F868D0C30E2}.Release|ARM64.Build.0 = Release|ARM64
		{603175B4-99DC-4390-99F3-0F868D0C30E2}.Release|x64.ActiveCfg = Release|x64
		{603175B4-99DC-4390-99F3-0F868D0C30E2}.Release|x64.Build.0 = Release|x64
		{603175B4-99DC-4390-99F3-0F868D0C30E2}.Release|x86.ActiveCfg = Release|x86
		{603175B4-99DC-4390-99F3-0F868D0C30E2}.Release|x86.Build.0 = Release|x86
		{8F0DFB19-F1D0-441D-96EE-67747A6809B0}.Debug|Any CPU.ActiveCfg = Debug|x86
		{8F0DFB19-F1D0-441D-96EE-67747A6809B0}.Debug|ARM.ActiveCfg = Debug|ARM
		{8F0DFB19-F1D0-441D-96EE-67747A6809B0}.Debug|ARM.Build.0 = Debug|ARM
		{8F0DFB19-F1D0-441D-96EE-67747A6809B0}.Debug|ARM.Deploy.0 = Debug|ARM
		{8F0DFB19-F1D0-441D-96EE-67747A6809B0}.Debug|ARM64.ActiveCfg = Debug|ARM64
		{8F0DFB19-F1D0-441D-96EE-67747A6809B0}.Debug|ARM64.Build.0 = Debug|ARM64
		{8F0DFB19-F1D0-441D-96EE-67747A6809B0}.Debug|ARM64.Deploy.0 = Debug|ARM64
		{8F0DFB19-F1D0-441D-96EE-67747A6809B0}.Debug|x64.ActiveCfg = Debug|x64
		{8F0DFB19-F1D0-441D-96EE-67747A6809B0}.Debug|x64.Build.0 = Debug|x64
		{8F0DFB19-F1D0-441D-96EE-67747A6809B0}.Debug|x64.Deploy.0 = Debug|x64
		{8F0DFB19-F1D0-441D-96EE-67747A6809B0}.Debug|x86.ActiveCfg = Debug|x86
		{8F0DFB19-F1D0-441D-96EE-67747A6809B0}.Debug|x86.Build.0 = Debug|x86
		{8F0DFB19-F1D0-441D-96EE-67747A6809B0}.Debug|x86.Deploy.0 = Debug|x86
		{8F0DFB19-F1D0-441D-96EE-67747A6809B0}.Release|Any CPU.ActiveCfg = Release|x86
		{8F0DFB19-F1D0-441D-96EE-67747A6809B0}.Release|ARM.ActiveCfg = Release|ARM
		{8F0DFB19-F1D0-441D-96EE-67747A6809B0}.Release|ARM.Build.0 = Release|ARM
		{8F0DFB19-F1D0-441D-96EE-67747A6809B0}.Release|ARM.Deploy.0 = Release|ARM
		{8F0DFB19-F1D0-441D-96EE-67747A6809B0}.Release|ARM64.ActiveCfg = Release|ARM64
		{8F0DFB19-F1D0-441D-96EE-67747A6809B0}.Release|ARM64.Build.0 = Release|ARM64
		{8F0DFB19-F1D0-441D-96EE-67747A6809B0}.Release|ARM64.Deploy.0 = Release|ARM64
		{8F0DFB19-F1D0-441D-96EE-67747A6809B0}.Release|x64.ActiveCfg = Release|x64
		{8F0DFB19-F1D0-441D-96EE-67747A6809B0}.Release|x64.Build.0 = Release|x64
		{8F0DFB19-F1D0-441D-96EE-67747A6809B0}.Release|x64.Deploy.0 = Release|x64
		{8F0DFB19-F1D0-441D-96EE-67747A6809B0}.Release|x86.ActiveCfg = Release|x86
		{8F0DFB19-F1D0-441D-96EE-67747A6809B0}.Release|x86.Build.0 = Release|x86
		{8F0DFB19-F1D0-441D-96EE-67747A6809B0}.Release|x86.Deploy.0 = Release|x86
		{BF900415-A653-4E5E-8E76-21C66BBB83DC}.Debug|Any CPU.ActiveCfg = Debug|x86
		{BF900415-A653-4E5E-8E76-21C66BBB83DC}.Debug|ARM.ActiveCfg = Debug|ARM
		{BF900415-A653-4E5E-8E76-21C66BBB83DC}.Debug|ARM.Build.0 = Debug|ARM
		{BF900415-A653-4E5E-8E76-21C66BBB83DC}.Debug|ARM.Deploy.0 = Debug|ARM
		{BF900415-A653-4E5E-8E76-21C66BBB83DC}.Debug|ARM64.ActiveCfg = Debug|x86
		{BF900415-A653-4E5E-8E76-21C66BBB83DC}.Debug|x64.ActiveCfg = Debug|x64
		{BF900415-A653-4E5E-8E76-21C66BBB83DC}.Debug|x64.Build.0 = Debug|x64
		{BF900415-A653-4E5E-8E76-21C66BBB83DC}.Debug|x64.Deploy.0 = Debug|x64
		{BF900415-A653-4E5E-8E76-21C66BBB83DC}.Debug|x86.ActiveCfg = Debug|x86
		{BF900415-A653-4E5E-8E76-21C66BBB83DC}.Debug|x86.Build.0 = Debug|x86
		{BF900415-A653-4E5E-8E76-21C66BBB83DC}.Debug|x86.Deploy.0 = Debug|x86
		{BF900415-A653-4E5E-8E76-21C66BBB83DC}.Release|Any CPU.ActiveCfg = Release|x86
		{BF900415-A653-4E5E-8E76-21C66BBB83DC}.Release|ARM.ActiveCfg = Release|ARM
		{BF900415-A653-4E5E-8E76-21C66BBB83DC}.Release|ARM.Build.0 = Release|ARM
		{BF900415-A653-4E5E-8E76-21C66BBB83DC}.Release|ARM.Deploy.0 = Release|ARM
		{BF900415-A653-4E5E-8E76-21C66BBB83DC}.Release|ARM64.ActiveCfg = Release|x86
		{BF900415-A653-4E5E-8E76-21C66BBB83DC}.Release|x64.ActiveCfg = Release|x64
		{BF900415-A653-4E5E-8E76-21C66BBB83DC}.Release|x64.Build.0 = Release|x64
		{BF900415-A653-4E5E-8E76-21C66BBB83DC}.Release|x64.Deploy.0 = Release|x64
		{BF900415-A653-4E5E-8E76-21C66BBB83DC}.Release|x86.ActiveCfg = Release|x86
		{BF900415-A653-4E5E-8E76-21C66BBB83DC}.Release|x86.Build.0 = Release|x86
		{BF900415-A653-4E5E-8E76-21C66BBB83DC}.Release|x86.Deploy.0 = Release|x86
		{C33CE03B-1130-4B4D-9657-3F4B8107989A}.Debug|Any CPU.ActiveCfg = Debug|x86
		{C33CE03B-1130-4B4D-9657-3F4B8107989A}.Debug|ARM.ActiveCfg = Debug|ARM
		{C33CE03B-1130-4B4D-9657-3F4B8107989A}.Debug|ARM.Build.0 = Debug|ARM
		{C33CE03B-1130-4B4D-9657-3F4B8107989A}.Debug|ARM.Deploy.0 = Debug|ARM
		{C33CE03B-1130-4B4D-9657-3F4B8107989A}.Debug|ARM64.ActiveCfg = Debug|ARM64
		{C33CE03B-1130-4B4D-9657-3F4B8107989A}.Debug|ARM64.Build.0 = Debug|ARM64
		{C33CE03B-1130-4B4D-9657-3F4B8107989A}.Debug|ARM64.Deploy.0 = Debug|ARM64
		{C33CE03B-1130-4B4D-9657-3F4B8107989A}.Debug|x64.ActiveCfg = Debug|x64
		{C33CE03B-1130-4B4D-9657-3F4B8107989A}.Debug|x64.Build.0 = Debug|x64
		{C33CE03B-1130-4B4D-9657-3F4B8107989A}.Debug|x64.Deploy.0 = Debug|x64
		{C33CE03B-1130-4B4D-9657-3F4B8107989A}.Debug|x86.ActiveCfg = Debug|x86
		{C33CE03B-1130-4B4D-9657-3F4B8107989A}.Debug|x86.Build.0 = Debug|x86
		{C33CE03B-1130-4B4D-9657-3F4B8107989A}.Debug|x86.Deploy.0 = Debug|x86
		{C33CE03B-1130-4B4D-9657-3F4B8107989A}.Release|Any CPU.ActiveCfg = Release|x86
		{C33CE03B-1130-4B4D-9657-3F4B8107989A}.Release|ARM.ActiveCfg = Release|ARM
		{C33CE03B-1130-4B4D-9657-3F4B8107989A}.Release|ARM.Build.0 = Release|ARM
		{C33CE03B-1130-4B4D-9657-3F4B8107989A}.Release|ARM.Deploy.0 = Release|ARM
		{C33CE03B-1130-4B4D-9657-3F4B8107989A}.Release|ARM64.ActiveCfg = Release|ARM64
		{C33CE03B-1130-4B4D-9657-3F4B8107989A}.Release|ARM64.Build.0 = Release|ARM64
		{C33CE03B-1130-4B4D-9657-3F4B8107989A}.Release|ARM64.Deploy.0 = Release|ARM64
		{C33CE03B-1130-4B4D-9657-3F4B8107989A}.Release|x64.ActiveCfg = Release|x64
		{C33CE03B-1130-4B4D-9657-3F4B8107989A}.Release|x64.Build.0 = Release|x64
		{C33CE03B-1130-4B4D-9657-3F4B8107989A}.Release|x64.Deploy.0 = Release|x64
		{C33CE03B-1130-4B4D-9657-3F4B8107989A}.Release|x86.ActiveCfg = Release|x86
		{C33CE03B-1130-4B4D-9657-3F4B8107989A}.Release|x86.Build.0 = Release|x86
		{C33CE03B-1130-4B4D-9657-3F4B8107989A}.Release|x86.Deploy.0 = Release|x86
	EndGlobalSection
	GlobalSection(SolutionProperties) = preSolution
		HideSolutionNode = FALSE
	EndGlobalSection
	GlobalSection(ExtensibilityGlobals) = postSolution
		SolutionGuid = {FEA5E9F2-84C2-47D4-8EE0-66F9CD150F81}
	EndGlobalSection
EndGlobal
