
Microsoft Visual Studio Solution File, Format Version 12.00
# Visual Studio 15
VisualStudioVersion = 15.0.27428.2015
MinimumVisualStudioVersion = 10.0.40219.1
Project("{262852C6-CD72-467D-83FE-5EEB1973A190}") = "Worktile.PWA", "Worktile.PWA\Worktile.PWA.jsproj", "{2914E4AE-B09B-4DF3-8D32-3F674493A453}"
EndProject
Project("{FAE04EC0-301F-11D3-BF4B-00C04F79EFBC}") = "Worktile", "Worktile\Worktile.csproj", "{BF900415-A653-4E5E-8E76-21C66BBB83DC}"
EndProject
Project("{FAE04EC0-301F-11D3-BF4B-00C04F79EFBC}") = "Worktile.WtRequestClient", "Worktile.WtRequestClient\Worktile.WtRequestClient.csproj", "{64C1D453-F677-4225-9A30-A5B3C368EFF0}"
EndProject
Project("{FAE04EC0-301F-11D3-BF4B-00C04F79EFBC}") = "Worktile.Tethys", "Worktile.Tethys\Worktile.Tethys.csproj", "{603175B4-99DC-4390-99F3-0F868D0C30E2}"
EndProject
Project("{FAE04EC0-301F-11D3-BF4B-00C04F79EFBC}") = "Worktile.Tethys.Sample", "Worktile.Tethys.Sample\Worktile.Tethys.Sample.csproj", "{379145AF-4042-452E-B6D0-DA74FFD8B4E4}"
EndProject
Project("{FAE04EC0-301F-11D3-BF4B-00C04F79EFBC}") = "Worktile.ViewModels", "Worktile.ViewModels\Worktile.ViewModels.csproj", "{44AD1759-2410-45BC-8692-B4C607A5E6DD}"
EndProject
Project("{FAE04EC0-301F-11D3-BF4B-00C04F79EFBC}") = "Worktile.Enums", "Worktile.Enums\Worktile.Enums.csproj", "{3A2FE488-D5E9-4267-9161-6D40208D82A5}"
EndProject
Project("{FAE04EC0-301F-11D3-BF4B-00C04F79EFBC}") = "Worktile.Infrastructure", "Worktile.Infrastructure\Worktile.Infrastructure.csproj", "{3D4D7893-D86C-4B7A-B473-0679615C63BE}"
EndProject
Global
	GlobalSection(SolutionConfigurationPlatforms) = preSolution
		Debug|Any CPU = Debug|Any CPU
		Debug|ARM = Debug|ARM
		Debug|ARM64 = Debug|ARM64
		Debug|x64 = Debug|x64
		Debug|x86 = Debug|x86
		Release|Any CPU = Release|Any CPU
		Release|ARM = Release|ARM
		Release|ARM64 = Release|ARM64
		Release|x64 = Release|x64
		Release|x86 = Release|x86
	EndGlobalSection
	GlobalSection(ProjectConfigurationPlatforms) = postSolution
		{2914E4AE-B09B-4DF3-8D32-3F674493A453}.Debug|Any CPU.ActiveCfg = Debug|Any CPU
		{2914E4AE-B09B-4DF3-8D32-3F674493A453}.Debug|Any CPU.Build.0 = Debug|Any CPU
		{2914E4AE-B09B-4DF3-8D32-3F674493A453}.Debug|Any CPU.Deploy.0 = Debug|Any CPU
		{2914E4AE-B09B-4DF3-8D32-3F674493A453}.Debug|ARM.ActiveCfg = Debug|ARM
		{2914E4AE-B09B-4DF3-8D32-3F674493A453}.Debug|ARM.Build.0 = Debug|ARM
		{2914E4AE-B09B-4DF3-8D32-3F674493A453}.Debug|ARM.Deploy.0 = Debug|ARM
		{2914E4AE-B09B-4DF3-8D32-3F674493A453}.Debug|ARM64.ActiveCfg = Debug|Any CPU
		{2914E4AE-B09B-4DF3-8D32-3F674493A453}.Debug|ARM64.Build.0 = Debug|Any CPU
		{2914E4AE-B09B-4DF3-8D32-3F674493A453}.Debug|ARM64.Deploy.0 = Debug|Any CPU
		{2914E4AE-B09B-4DF3-8D32-3F674493A453}.Debug|x64.ActiveCfg = Debug|x64
		{2914E4AE-B09B-4DF3-8D32-3F674493A453}.Debug|x64.Build.0 = Debug|x64
		{2914E4AE-B09B-4DF3-8D32-3F674493A453}.Debug|x64.Deploy.0 = Debug|x64
		{2914E4AE-B09B-4DF3-8D32-3F674493A453}.Debug|x86.ActiveCfg = Debug|x86
		{2914E4AE-B09B-4DF3-8D32-3F674493A453}.Debug|x86.Build.0 = Debug|x86
		{2914E4AE-B09B-4DF3-8D32-3F674493A453}.Debug|x86.Deploy.0 = Debug|x86
		{2914E4AE-B09B-4DF3-8D32-3F674493A453}.Release|Any CPU.ActiveCfg = Release|Any CPU
		{2914E4AE-B09B-4DF3-8D32-3F674493A453}.Release|Any CPU.Build.0 = Release|Any CPU
		{2914E4AE-B09B-4DF3-8D32-3F674493A453}.Release|Any CPU.Deploy.0 = Release|Any CPU
		{2914E4AE-B09B-4DF3-8D32-3F674493A453}.Release|ARM.ActiveCfg = Release|ARM
		{2914E4AE-B09B-4DF3-8D32-3F674493A453}.Release|ARM.Build.0 = Release|ARM
		{2914E4AE-B09B-4DF3-8D32-3F674493A453}.Release|ARM.Deploy.0 = Release|ARM
		{2914E4AE-B09B-4DF3-8D32-3F674493A453}.Release|ARM64.ActiveCfg = Release|Any CPU
		{2914E4AE-B09B-4DF3-8D32-3F674493A453}.Release|ARM64.Build.0 = Release|Any CPU
		{2914E4AE-B09B-4DF3-8D32-3F674493A453}.Release|ARM64.Deploy.0 = Release|Any CPU
		{2914E4AE-B09B-4DF3-8D32-3F674493A453}.Release|x64.ActiveCfg = Release|x64
		{2914E4AE-B09B-4DF3-8D32-3F674493A453}.Release|x64.Build.0 = Release|x64
		{2914E4AE-B09B-4DF3-8D32-3F674493A453}.Release|x64.Deploy.0 = Release|x64
		{2914E4AE-B09B-4DF3-8D32-3F674493A453}.Release|x86.ActiveCfg = Release|x86
		{2914E4AE-B09B-4DF3-8D32-3F674493A453}.Release|x86.Build.0 = Release|x86
		{2914E4AE-B09B-4DF3-8D32-3F674493A453}.Release|x86.Deploy.0 = Release|x86
		{BF900415-A653-4E5E-8E76-21C66BBB83DC}.Debug|Any CPU.ActiveCfg = Debug|x86
		{BF900415-A653-4E5E-8E76-21C66BBB83DC}.Debug|ARM.ActiveCfg = Debug|ARM
		{BF900415-A653-4E5E-8E76-21C66BBB83DC}.Debug|ARM.Build.0 = Debug|ARM
		{BF900415-A653-4E5E-8E76-21C66BBB83DC}.Debug|ARM.Deploy.0 = Debug|ARM
		{BF900415-A653-4E5E-8E76-21C66BBB83DC}.Debug|ARM64.ActiveCfg = Debug|x86
		{BF900415-A653-4E5E-8E76-21C66BBB83DC}.Debug|x64.ActiveCfg = Debug|x64
		{BF900415-A653-4E5E-8E76-21C66BBB83DC}.Debug|x64.Build.0 = Debug|x64
		{BF900415-A653-4E5E-8E76-21C66BBB83DC}.Debug|x64.Deploy.0 = Debug|x64
		{BF900415-A653-4E5E-8E76-21C66BBB83DC}.Debug|x86.ActiveCfg = Debug|x86
		{BF900415-A653-4E5E-8E76-21C66BBB83DC}.Debug|x86.Build.0 = Debug|x86
		{BF900415-A653-4E5E-8E76-21C66BBB83DC}.Debug|x86.Deploy.0 = Debug|x86
		{BF900415-A653-4E5E-8E76-21C66BBB83DC}.Release|Any CPU.ActiveCfg = Release|x86
		{BF900415-A653-4E5E-8E76-21C66BBB83DC}.Release|ARM.ActiveCfg = Release|ARM
		{BF900415-A653-4E5E-8E76-21C66BBB83DC}.Release|ARM.Build.0 = Release|ARM
		{BF900415-A653-4E5E-8E76-21C66BBB83DC}.Release|ARM.Deploy.0 = Release|ARM
		{BF900415-A653-4E5E-8E76-21C66BBB83DC}.Release|ARM64.ActiveCfg = Release|x86
		{BF900415-A653-4E5E-8E76-21C66BBB83DC}.Release|x64.ActiveCfg = Release|x64
		{BF900415-A653-4E5E-8E76-21C66BBB83DC}.Release|x64.Build.0 = Release|x64
		{BF900415-A653-4E5E-8E76-21C66BBB83DC}.Release|x64.Deploy.0 = Release|x64
		{BF900415-A653-4E5E-8E76-21C66BBB83DC}.Release|x86.ActiveCfg = Release|x86
		{BF900415-A653-4E5E-8E76-21C66BBB83DC}.Release|x86.Build.0 = Release|x86
		{BF900415-A653-4E5E-8E76-21C66BBB83DC}.Release|x86.Deploy.0 = Release|x86
		{64C1D453-F677-4225-9A30-A5B3C368EFF0}.Debug|Any CPU.ActiveCfg = Debug|Any CPU
		{64C1D453-F677-4225-9A30-A5B3C368EFF0}.Debug|Any CPU.Build.0 = Debug|Any CPU
		{64C1D453-F677-4225-9A30-A5B3C368EFF0}.Debug|ARM.ActiveCfg = Debug|ARM
		{64C1D453-F677-4225-9A30-A5B3C368EFF0}.Debug|ARM.Build.0 = Debug|ARM
		{64C1D453-F677-4225-9A30-A5B3C368EFF0}.Debug|ARM64.ActiveCfg = Debug|Any CPU
		{64C1D453-F677-4225-9A30-A5B3C368EFF0}.Debug|ARM64.Build.0 = Debug|Any CPU
		{64C1D453-F677-4225-9A30-A5B3C368EFF0}.Debug|x64.ActiveCfg = Debug|x64
		{64C1D453-F677-4225-9A30-A5B3C368EFF0}.Debug|x64.Build.0 = Debug|x64
		{64C1D453-F677-4225-9A30-A5B3C368EFF0}.Debug|x86.ActiveCfg = Debug|x86
		{64C1D453-F677-4225-9A30-A5B3C368EFF0}.Debug|x86.Build.0 = Debug|x86
		{64C1D453-F677-4225-9A30-A5B3C368EFF0}.Release|Any CPU.ActiveCfg = Release|Any CPU
		{64C1D453-F677-4225-9A30-A5B3C368EFF0}.Release|Any CPU.Build.0 = Release|Any CPU
		{64C1D453-F677-4225-9A30-A5B3C368EFF0}.Release|ARM.ActiveCfg = Release|ARM
		{64C1D453-F677-4225-9A30-A5B3C368EFF0}.Release|ARM.Build.0 = Release|ARM
		{64C1D453-F677-4225-9A30-A5B3C368EFF0}.Release|ARM64.ActiveCfg = Release|Any CPU
		{64C1D453-F677-4225-9A30-A5B3C368EFF0}.Release|ARM64.Build.0 = Release|Any CPU
		{64C1D453-F677-4225-9A30-A5B3C368EFF0}.Release|x64.ActiveCfg = Release|x64
		{64C1D453-F677-4225-9A30-A5B3C368EFF0}.Release|x64.Build.0 = Release|x64
		{64C1D453-F677-4225-9A30-A5B3C368EFF0}.Release|x86.ActiveCfg = Release|x86
		{64C1D453-F677-4225-9A30-A5B3C368EFF0}.Release|x86.Build.0 = Release|x86
		{603175B4-99DC-4390-99F3-0F868D0C30E2}.Debug|Any CPU.ActiveCfg = Debug|Any CPU
		{603175B4-99DC-4390-99F3-0F868D0C30E2}.Debug|Any CPU.Build.0 = Debug|Any CPU
		{603175B4-99DC-4390-99F3-0F868D0C30E2}.Debug|ARM.ActiveCfg = Debug|ARM
		{603175B4-99DC-4390-99F3-0F868D0C30E2}.Debug|ARM.Build.0 = Debug|ARM
		{603175B4-99DC-4390-99F3-0F868D0C30E2}.Debug|ARM64.ActiveCfg = Debug|ARM64
		{603175B4-99DC-4390-99F3-0F868D0C30E2}.Debug|ARM64.Build.0 = Debug|ARM64
		{603175B4-99DC-4390-99F3-0F868D0C30E2}.Debug|x64.ActiveCfg = Debug|x64
		{603175B4-99DC-4390-99F3-0F868D0C30E2}.Debug|x64.Build.0 = Debug|x64
		{603175B4-99DC-4390-99F3-0F868D0C30E2}.Debug|x86.ActiveCfg = Debug|x86
		{603175B4-99DC-4390-99F3-0F868D0C30E2}.Debug|x86.Build.0 = Debug|x86
		{603175B4-99DC-4390-99F3-0F868D0C30E2}.Release|Any CPU.ActiveCfg = Release|Any CPU
		{603175B4-99DC-4390-99F3-0F868D0C30E2}.Release|Any CPU.Build.0 = Release|Any CPU
		{603175B4-99DC-4390-99F3-0F868D0C30E2}.Release|ARM.ActiveCfg = Release|ARM
		{603175B4-99DC-4390-99F3-0F868D0C30E2}.Release|ARM.Build.0 = Release|ARM
		{603175B4-99DC-4390-99F3-0F868D0C30E2}.Release|ARM64.ActiveCfg = Release|ARM64
		{603175B4-99DC-4390-99F3-0F868D0C30E2}.Release|ARM64.Build.0 = Release|ARM64
		{603175B4-99DC-4390-99F3-0F868D0C30E2}.Release|x64.ActiveCfg = Release|x64
		{603175B4-99DC-4390-99F3-0F868D0C30E2}.Release|x64.Build.0 = Release|x64
		{603175B4-99DC-4390-99F3-0F868D0C30E2}.Release|x86.ActiveCfg = Release|x86
		{603175B4-99DC-4390-99F3-0F868D0C30E2}.Release|x86.Build.0 = Release|x86
		{379145AF-4042-452E-B6D0-DA74FFD8B4E4}.Debug|Any CPU.ActiveCfg = Debug|x86
		{379145AF-4042-452E-B6D0-DA74FFD8B4E4}.Debug|ARM.ActiveCfg = Debug|ARM
		{379145AF-4042-452E-B6D0-DA74FFD8B4E4}.Debug|ARM.Build.0 = Debug|ARM
		{379145AF-4042-452E-B6D0-DA74FFD8B4E4}.Debug|ARM.Deploy.0 = Debug|ARM
		{379145AF-4042-452E-B6D0-DA74FFD8B4E4}.Debug|ARM64.ActiveCfg = Debug|ARM64
		{379145AF-4042-452E-B6D0-DA74FFD8B4E4}.Debug|ARM64.Build.0 = Debug|ARM64
		{379145AF-4042-452E-B6D0-DA74FFD8B4E4}.Debug|ARM64.Deploy.0 = Debug|ARM64
		{379145AF-4042-452E-B6D0-DA74FFD8B4E4}.Debug|x64.ActiveCfg = Debug|x64
		{379145AF-4042-452E-B6D0-DA74FFD8B4E4}.Debug|x64.Build.0 = Debug|x64
		{379145AF-4042-452E-B6D0-DA74FFD8B4E4}.Debug|x64.Deploy.0 = Debug|x64
		{379145AF-4042-452E-B6D0-DA74FFD8B4E4}.Debug|x86.ActiveCfg = Debug|x86
		{379145AF-4042-452E-B6D0-DA74FFD8B4E4}.Debug|x86.Build.0 = Debug|x86
		{379145AF-4042-452E-B6D0-DA74FFD8B4E4}.Debug|x86.Deploy.0 = Debug|x86
		{379145AF-4042-452E-B6D0-DA74FFD8B4E4}.Release|Any CPU.ActiveCfg = Release|x86
		{379145AF-4042-452E-B6D0-DA74FFD8B4E4}.Release|ARM.ActiveCfg = Release|ARM
		{379145AF-4042-452E-B6D0-DA74FFD8B4E4}.Release|ARM.Build.0 = Release|ARM
		{379145AF-4042-452E-B6D0-DA74FFD8B4E4}.Release|ARM.Deploy.0 = Release|ARM
		{379145AF-4042-452E-B6D0-DA74FFD8B4E4}.Release|ARM64.ActiveCfg = Release|ARM64
		{379145AF-4042-452E-B6D0-DA74FFD8B4E4}.Release|ARM64.Build.0 = Release|ARM64
		{379145AF-4042-452E-B6D0-DA74FFD8B4E4}.Release|ARM64.Deploy.0 = Release|ARM64
		{379145AF-4042-452E-B6D0-DA74FFD8B4E4}.Release|x64.ActiveCfg = Release|x64
		{379145AF-4042-452E-B6D0-DA74FFD8B4E4}.Release|x64.Build.0 = Release|x64
		{379145AF-4042-452E-B6D0-DA74FFD8B4E4}.Release|x64.Deploy.0 = Release|x64
		{379145AF-4042-452E-B6D0-DA74FFD8B4E4}.Release|x86.ActiveCfg = Release|x86
		{379145AF-4042-452E-B6D0-DA74FFD8B4E4}.Release|x86.Build.0 = Release|x86
		{379145AF-4042-452E-B6D0-DA74FFD8B4E4}.Release|x86.Deploy.0 = Release|x86
		{44AD1759-2410-45BC-8692-B4C607A5E6DD}.Debug|Any CPU.ActiveCfg = Debug|Any CPU
		{44AD1759-2410-45BC-8692-B4C607A5E6DD}.Debug|Any CPU.Build.0 = Debug|Any CPU
		{44AD1759-2410-45BC-8692-B4C607A5E6DD}.Debug|ARM.ActiveCfg = Debug|ARM
		{44AD1759-2410-45BC-8692-B4C607A5E6DD}.Debug|ARM.Build.0 = Debug|ARM
		{44AD1759-2410-45BC-8692-B4C607A5E6DD}.Debug|ARM64.ActiveCfg = Debug|ARM64
		{44AD1759-2410-45BC-8692-B4C607A5E6DD}.Debug|ARM64.Build.0 = Debug|ARM64
		{44AD1759-2410-45BC-8692-B4C607A5E6DD}.Debug|x64.ActiveCfg = Debug|x64
		{44AD1759-2410-45BC-8692-B4C607A5E6DD}.Debug|x64.Build.0 = Debug|x64
		{44AD1759-2410-45BC-8692-B4C607A5E6DD}.Debug|x86.ActiveCfg = Debug|x86
		{44AD1759-2410-45BC-8692-B4C607A5E6DD}.Debug|x86.Build.0 = Debug|x86
		{44AD1759-2410-45BC-8692-B4C607A5E6DD}.Release|Any CPU.ActiveCfg = Release|Any CPU
		{44AD1759-2410-45BC-8692-B4C607A5E6DD}.Release|Any CPU.Build.0 = Release|Any CPU
		{44AD1759-2410-45BC-8692-B4C607A5E6DD}.Release|ARM.ActiveCfg = Release|ARM
		{44AD1759-2410-45BC-8692-B4C607A5E6DD}.Release|ARM.Build.0 = Release|ARM
		{44AD1759-2410-45BC-8692-B4C607A5E6DD}.Release|ARM64.ActiveCfg = Release|ARM64
		{44AD1759-2410-45BC-8692-B4C607A5E6DD}.Release|ARM64.Build.0 = Release|ARM64
		{44AD1759-2410-45BC-8692-B4C607A5E6DD}.Release|x64.ActiveCfg = Release|x64
		{44AD1759-2410-45BC-8692-B4C607A5E6DD}.Release|x64.Build.0 = Release|x64
		{44AD1759-2410-45BC-8692-B4C607A5E6DD}.Release|x86.ActiveCfg = Release|x86
		{44AD1759-2410-45BC-8692-B4C607A5E6DD}.Release|x86.Build.0 = Release|x86
		{3A2FE488-D5E9-4267-9161-6D40208D82A5}.Debug|Any CPU.ActiveCfg = Debug|Any CPU
		{3A2FE488-D5E9-4267-9161-6D40208D82A5}.Debug|Any CPU.Build.0 = Debug|Any CPU
		{3A2FE488-D5E9-4267-9161-6D40208D82A5}.Debug|ARM.ActiveCfg = Debug|ARM
		{3A2FE488-D5E9-4267-9161-6D40208D82A5}.Debug|ARM.Build.0 = Debug|ARM
		{3A2FE488-D5E9-4267-9161-6D40208D82A5}.Debug|ARM64.ActiveCfg = Debug|ARM64
		{3A2FE488-D5E9-4267-9161-6D40208D82A5}.Debug|ARM64.Build.0 = Debug|ARM64
		{3A2FE488-D5E9-4267-9161-6D40208D82A5}.Debug|x64.ActiveCfg = Debug|x64
		{3A2FE488-D5E9-4267-9161-6D40208D82A5}.Debug|x64.Build.0 = Debug|x64
		{3A2FE488-D5E9-4267-9161-6D40208D82A5}.Debug|x86.ActiveCfg = Debug|x86
		{3A2FE488-D5E9-4267-9161-6D40208D82A5}.Debug|x86.Build.0 = Debug|x86
		{3A2FE488-D5E9-4267-9161-6D40208D82A5}.Release|Any CPU.ActiveCfg = Release|Any CPU
		{3A2FE488-D5E9-4267-9161-6D40208D82A5}.Release|Any CPU.Build.0 = Release|Any CPU
		{3A2FE488-D5E9-4267-9161-6D40208D82A5}.Release|ARM.ActiveCfg = Release|ARM
		{3A2FE488-D5E9-4267-9161-6D40208D82A5}.Release|ARM.Build.0 = Release|ARM
		{3A2FE488-D5E9-4267-9161-6D40208D82A5}.Release|ARM64.ActiveCfg = Release|ARM64
		{3A2FE488-D5E9-4267-9161-6D40208D82A5}.Release|ARM64.Build.0 = Release|ARM64
		{3A2FE488-D5E9-4267-9161-6D40208D82A5}.Release|x64.ActiveCfg = Release|x64
		{3A2FE488-D5E9-4267-9161-6D40208D82A5}.Release|x64.Build.0 = Release|x64
		{3A2FE488-D5E9-4267-9161-6D40208D82A5}.Release|x86.ActiveCfg = Release|x86
		{3A2FE488-D5E9-4267-9161-6D40208D82A5}.Release|x86.Build.0 = Release|x86
		{3D4D7893-D86C-4B7A-B473-0679615C63BE}.Debug|Any CPU.ActiveCfg = Debug|Any CPU
		{3D4D7893-D86C-4B7A-B473-0679615C63BE}.Debug|Any CPU.Build.0 = Debug|Any CPU
		{3D4D7893-D86C-4B7A-B473-0679615C63BE}.Debug|ARM.ActiveCfg = Debug|ARM
		{3D4D7893-D86C-4B7A-B473-0679615C63BE}.Debug|ARM.Build.0 = Debug|ARM
		{3D4D7893-D86C-4B7A-B473-0679615C63BE}.Debug|ARM64.ActiveCfg = Debug|ARM64
		{3D4D7893-D86C-4B7A-B473-0679615C63BE}.Debug|ARM64.Build.0 = Debug|ARM64
		{3D4D7893-D86C-4B7A-B473-0679615C63BE}.Debug|x64.ActiveCfg = Debug|x64
		{3D4D7893-D86C-4B7A-B473-0679615C63BE}.Debug|x64.Build.0 = Debug|x64
		{3D4D7893-D86C-4B7A-B473-0679615C63BE}.Debug|x86.ActiveCfg = Debug|x86
		{3D4D7893-D86C-4B7A-B473-0679615C63BE}.Debug|x86.Build.0 = Debug|x86
		{3D4D7893-D86C-4B7A-B473-0679615C63BE}.Release|Any CPU.ActiveCfg = Release|Any CPU
		{3D4D7893-D86C-4B7A-B473-0679615C63BE}.Release|Any CPU.Build.0 = Release|Any CPU
		{3D4D7893-D86C-4B7A-B473-0679615C63BE}.Release|ARM.ActiveCfg = Release|ARM
		{3D4D7893-D86C-4B7A-B473-0679615C63BE}.Release|ARM.Build.0 = Release|ARM
		{3D4D7893-D86C-4B7A-B473-0679615C63BE}.Release|ARM64.ActiveCfg = Release|ARM64
		{3D4D7893-D86C-4B7A-B473-0679615C63BE}.Release|ARM64.Build.0 = Release|ARM64
		{3D4D7893-D86C-4B7A-B473-0679615C63BE}.Release|x64.ActiveCfg = Release|x64
		{3D4D7893-D86C-4B7A-B473-0679615C63BE}.Release|x64.Build.0 = Release|x64
		{3D4D7893-D86C-4B7A-B473-0679615C63BE}.Release|x86.ActiveCfg = Release|x86
		{3D4D7893-D86C-4B7A-B473-0679615C63BE}.Release|x86.Build.0 = Release|x86
	EndGlobalSection
	GlobalSection(SolutionProperties) = preSolution
		HideSolutionNode = FALSE
	EndGlobalSection
	GlobalSection(ExtensibilityGlobals) = postSolution
		SolutionGuid = {FEA5E9F2-84C2-47D4-8EE0-66F9CD150F81}
	EndGlobalSection
EndGlobal
